{
  "name": "photournament",
  "version": "1.0.0",
  "lockfileVersion": 3,
  "requires": true,
  "packages": {
    "": {
      "name": "photournament",
      "version": "1.0.0",
      "license": "ISC",
      "dependencies": {
        "libheif-js": "^1.19.8"
      }
    },
    "node_modules/libheif-js": {
      "version": "1.19.8",
      "resolved": "https://registry.npmjs.org/libheif-js/-/libheif-js-1.19.8.tgz",
      "integrity": "sha512-vQJWusIxO7wavpON1dusciL8Go9jsIQ+EUrckauFYAiSTjcmLAsuJh3SszLpvkwPci3JcL41ek2n+LUZGFpPIQ==",
      "license": "LGPL-3.0",
      "engines": {
        "node": ">=8.0.0"
      }
    }
  }
}
